
Microsoft Visual Studio Solution File, Format Version 12.00
# Visual Studio 15
VisualStudioVersion = 15.0.26730.8
MinimumVisualStudioVersion = 10.0.40219.1
Project("{FAE04EC0-301F-11D3-BF4B-00C04F79EFBC}") = "Containo.API", "Containo.API\Containo.API.csproj", "{69AB5113-4F8A-4028-BB2B-E350E530012B}"
EndProject
Project("{E53339B2-1760-4266-BCC7-CA923CBCF16C}") = "docker-compose", "docker-compose.dcproj", "{F2578758-91C2-4328-A9DA-7C40EC28F70E}"
EndProject
Global
	GlobalSection(SolutionConfigurationPlatforms) = preSolution
		Debug|Any CPU = Debug|Any CPU
		Release|Any CPU = Release|Any CPU
	EndGlobalSection
	GlobalSection(ProjectConfigurationPlatforms) = postSolution
		{69AB5113-4F8A-4028-BB2B-E350E530012B}.Debug|Any CPU.ActiveCfg = Debug|Any CPU
		{69AB5113-4F8A-4028-BB2B-E350E530012B}.Debug|Any CPU.Build.0 = Debug|Any CPU
		{69AB5113-4F8A-4028-BB2B-E350E530012B}.Release|Any CPU.ActiveCfg = Release|Any CPU
		{69AB5113-4F8A-4028-BB2B-E350E530012B}.Release|Any CPU.Build.0 = Release|Any CPU
		{F2578758-91C2-4328-A9DA-7C40EC28F70E}.Debug|Any CPU.ActiveCfg = Debug|Any CPU
		{F2578758-91C2-4328-A9DA-7C40EC28F70E}.Debug|Any CPU.Build.0 = Debug|Any CPU
		{F2578758-91C2-4328-A9DA-7C40EC28F70E}.Release|Any CPU.ActiveCfg = Release|Any CPU
		{F2578758-91C2-4328-A9DA-7C40EC28F70E}.Release|Any CPU.Build.0 = Release|Any CPU
	EndGlobalSection
	GlobalSection(SolutionProperties) = preSolution
		HideSolutionNode = FALSE
	EndGlobalSection
	GlobalSection(ExtensibilityGlobals) = postSolution
		SolutionGuid = {E9E94DD4-2764-4A6C-8C44-70874505BE08}
	EndGlobalSection
EndGlobal
